
Microsoft Visual Studio Solution File, Format Version 12.00
# Visual Studio Version 17
VisualStudioVersion = 17.10.35027.167
MinimumVisualStudioVersion = 10.0.40219.1
Project("{9A19103F-16F7-4668-BE54-9A1E7A4F7556}") = "SPAproj.Server", "SPAproj.Server\SPAproj.Server.csproj", "{1B3AD8E2-BDD3-4249-8D6B-F9E98716AF69}"
EndProject
Project("{54A90642-561A-4BB1-A94E-469ADEE60C69}") = "spaproj.client", "spaproj.client\spaproj.client.esproj", "{E5819218-ADF9-442C-A1AE-732811D9C7FA}"
EndProject
Project("{9A19103F-16F7-4668-BE54-9A1E7A4F7556}") = "MStest", "MStest\MStest.csproj", "{0962F1DD-D421-4700-97C0-33B1F670D41A}"
EndProject
Project("{9A19103F-16F7-4668-BE54-9A1E7A4F7556}") = "SPAproj.AccountModels", "Response-request\SPAproj.AccountModels.csproj", "{6A441AF6-BFC1-4FB6-AED4-18724C3BDFDE}"
EndProject
Project("{FAE04EC0-301F-11D3-BF4B-00C04F79EFBC}") = "SPAproj.AccountService", "SPAproj.AccountService\SPAproj.AccountService.csproj", "{0D429BC8-A0CC-4B08-B815-B7DA1B8BD62D}"
EndProject
Global
	GlobalSection(SolutionConfigurationPlatforms) = preSolution
		Debug|Any CPU = Debug|Any CPU
		Release|Any CPU = Release|Any CPU
	EndGlobalSection
	GlobalSection(ProjectConfigurationPlatforms) = postSolution
		{1B3AD8E2-BDD3-4249-8D6B-F9E98716AF69}.Debug|Any CPU.ActiveCfg = Debug|Any CPU
		{1B3AD8E2-BDD3-4249-8D6B-F9E98716AF69}.Debug|Any CPU.Build.0 = Debug|Any CPU
		{1B3AD8E2-BDD3-4249-8D6B-F9E98716AF69}.Release|Any CPU.ActiveCfg = Release|Any CPU
		{1B3AD8E2-BDD3-4249-8D6B-F9E98716AF69}.Release|Any CPU.Build.0 = Release|Any CPU
		{E5819218-ADF9-442C-A1AE-732811D9C7FA}.Debug|Any CPU.ActiveCfg = Debug|Any CPU
		{E5819218-ADF9-442C-A1AE-732811D9C7FA}.Debug|Any CPU.Build.0 = Debug|Any CPU
		{E5819218-ADF9-442C-A1AE-732811D9C7FA}.Debug|Any CPU.Deploy.0 = Debug|Any CPU
		{E5819218-ADF9-442C-A1AE-732811D9C7FA}.Release|Any CPU.ActiveCfg = Release|Any CPU
		{E5819218-ADF9-442C-A1AE-732811D9C7FA}.Release|Any CPU.Build.0 = Release|Any CPU
		{E5819218-ADF9-442C-A1AE-732811D9C7FA}.Release|Any CPU.Deploy.0 = Release|Any CPU
		{0962F1DD-D421-4700-97C0-33B1F670D41A}.Debug|Any CPU.ActiveCfg = Debug|Any CPU
		{0962F1DD-D421-4700-97C0-33B1F670D41A}.Debug|Any CPU.Build.0 = Debug|Any CPU
		{0962F1DD-D421-4700-97C0-33B1F670D41A}.Release|Any CPU.ActiveCfg = Release|Any CPU
		{0962F1DD-D421-4700-97C0-33B1F670D41A}.Release|Any CPU.Build.0 = Release|Any CPU
		{6A441AF6-BFC1-4FB6-AED4-18724C3BDFDE}.Debug|Any CPU.ActiveCfg = Debug|Any CPU
		{6A441AF6-BFC1-4FB6-AED4-18724C3BDFDE}.Debug|Any CPU.Build.0 = Debug|Any CPU
		{6A441AF6-BFC1-4FB6-AED4-18724C3BDFDE}.Release|Any CPU.ActiveCfg = Release|Any CPU
		{6A441AF6-BFC1-4FB6-AED4-18724C3BDFDE}.Release|Any CPU.Build.0 = Release|Any CPU
		{0D429BC8-A0CC-4B08-B815-B7DA1B8BD62D}.Debug|Any CPU.ActiveCfg = Debug|Any CPU
		{0D429BC8-A0CC-4B08-B815-B7DA1B8BD62D}.Debug|Any CPU.Build.0 = Debug|Any CPU
		{0D429BC8-A0CC-4B08-B815-B7DA1B8BD62D}.Release|Any CPU.ActiveCfg = Release|Any CPU
		{0D429BC8-A0CC-4B08-B815-B7DA1B8BD62D}.Release|Any CPU.Build.0 = Release|Any CPU
	EndGlobalSection
	GlobalSection(SolutionProperties) = preSolution
		HideSolutionNode = FALSE
	EndGlobalSection
	GlobalSection(ExtensibilityGlobals) = postSolution
		SolutionGuid = {C57B4DF9-7BE3-49CB-9A3C-2C07A40811F1}
	EndGlobalSection
EndGlobal
